
Microsoft Visual Studio Solution File, Format Version 12.00
# Visual Studio 15
VisualStudioVersion = 15.0.28307.1259
MinimumVisualStudioVersion = 10.0.40219.1
Project("{2150E333-8FDC-42A3-9474-1A3956D46DE8}") = "src", "src", "{BD73B603-2E7E-4570-87AC-52CA3B525776}"
EndProject
Project("{2150E333-8FDC-42A3-9474-1A3956D46DE8}") = "ASP.NET MVC", "ASP.NET MVC", "{5A414485-6FA6-432E-9337-09D69B1BACF4}"
EndProject
Project("{FAE04EC0-301F-11D3-BF4B-00C04F79EFBC}") = "Enterprise_MVC_WebApplication", "src\ASP.NET MVC\Enterprise_MVC_WebApplication\Enterprise_MVC_WebApplication.csproj", "{3E5A8A7B-6B19-4C3A-8992-7A589805E628}"
EndProject
Project("{FAE04EC0-301F-11D3-BF4B-00C04F79EFBC}") = "Enterprise_MVC_WebApplication.Core", "src\ASP.NET MVC\Enterprise_MVC_WebApplication.Core\Enterprise_MVC_WebApplication.Core.csproj", "{18434A6F-E470-4ED8-9417-B6456C0869A3}"
EndProject
Project("{FAE04EC0-301F-11D3-BF4B-00C04F79EFBC}") = "Enterprise_MVC_WebApplication.Infra", "src\ASP.NET MVC\Enterprise_MVC_WebApplication.Infra\Enterprise_MVC_WebApplication.Infra.csproj", "{B59E1888-1234-489B-AC93-BAA3B60BEC7D}"
EndProject
Project("{FAE04EC0-301F-11D3-BF4B-00C04F79EFBC}") = "Enterprise_MVC_WebApplication.Tests", "src\ASP.NET MVC\Enterprise_MVC_WebApplication.Tests\Enterprise_MVC_WebApplication.Tests.csproj", "{6F1A18E9-48A4-4423-9FFE-1C11C79B3DE3}"
EndProject
Project("{2150E333-8FDC-42A3-9474-1A3956D46DE8}") = "ASP.NET Core", "ASP.NET Core", "{68CA7DA8-9439-4F78-BBA0-89982379B1F7}"
EndProject
Project("{9A19103F-16F7-4668-BE54-9A1E7A4F7556}") = "Enterprise_Dot_Net_Core_WebApp.Core", "src\ASP.NET Core\Enterprise_Dot_Net_Core_WebApp.Core\Enterprise_Dot_Net_Core_WebApp.Core.csproj", "{D72FD41E-8627-437B-88CF-CDE4C34620E9}"
EndProject
Project("{9A19103F-16F7-4668-BE54-9A1E7A4F7556}") = "Enterprise_Dot_Net_Core_WebApp.Infra", "src\ASP.NET Core\Enterprise_Dot_Net_Core_WebApp.Infra\Enterprise_Dot_Net_Core_WebApp.Infra.csproj", "{946D4FA2-7E04-4E85-844D-D03582BCF148}"
EndProject
Project("{9A19103F-16F7-4668-BE54-9A1E7A4F7556}") = "Enterprise_Dot_Net_Core_WebApp", "src\ASP.NET Core\Enterprise_Dot_Net_Core_WebApp\Enterprise_Dot_Net_Core_WebApp.csproj", "{3D435681-9F83-44A9-9D85-F242EFB51616}"
EndProject
Global
	GlobalSection(SolutionConfigurationPlatforms) = preSolution
		Debug|Any CPU = Debug|Any CPU
		Release|Any CPU = Release|Any CPU
	EndGlobalSection
	GlobalSection(ProjectConfigurationPlatforms) = postSolution
		{3E5A8A7B-6B19-4C3A-8992-7A589805E628}.Debug|Any CPU.ActiveCfg = Debug|Any CPU
		{3E5A8A7B-6B19-4C3A-8992-7A589805E628}.Debug|Any CPU.Build.0 = Debug|Any CPU
		{3E5A8A7B-6B19-4C3A-8992-7A589805E628}.Release|Any CPU.ActiveCfg = Release|Any CPU
		{3E5A8A7B-6B19-4C3A-8992-7A589805E628}.Release|Any CPU.Build.0 = Release|Any CPU
		{18434A6F-E470-4ED8-9417-B6456C0869A3}.Debug|Any CPU.ActiveCfg = Debug|Any CPU
		{18434A6F-E470-4ED8-9417-B6456C0869A3}.Debug|Any CPU.Build.0 = Debug|Any CPU
		{18434A6F-E470-4ED8-9417-B6456C0869A3}.Release|Any CPU.ActiveCfg = Release|Any CPU
		{18434A6F-E470-4ED8-9417-B6456C0869A3}.Release|Any CPU.Build.0 = Release|Any CPU
		{B59E1888-1234-489B-AC93-BAA3B60BEC7D}.Debug|Any CPU.ActiveCfg = Debug|Any CPU
		{B59E1888-1234-489B-AC93-BAA3B60BEC7D}.Debug|Any CPU.Build.0 = Debug|Any CPU
		{B59E1888-1234-489B-AC93-BAA3B60BEC7D}.Release|Any CPU.ActiveCfg = Release|Any CPU
		{B59E1888-1234-489B-AC93-BAA3B60BEC7D}.Release|Any CPU.Build.0 = Release|Any CPU
		{6F1A18E9-48A4-4423-9FFE-1C11C79B3DE3}.Debug|Any CPU.ActiveCfg = Debug|Any CPU
		{6F1A18E9-48A4-4423-9FFE-1C11C79B3DE3}.Debug|Any CPU.Build.0 = Debug|Any CPU
		{6F1A18E9-48A4-4423-9FFE-1C11C79B3DE3}.Release|Any CPU.ActiveCfg = Release|Any CPU
		{6F1A18E9-48A4-4423-9FFE-1C11C79B3DE3}.Release|Any CPU.Build.0 = Release|Any CPU
		{D72FD41E-8627-437B-88CF-CDE4C34620E9}.Debug|Any CPU.ActiveCfg = Debug|Any CPU
		{D72FD41E-8627-437B-88CF-CDE4C34620E9}.Debug|Any CPU.Build.0 = Debug|Any CPU
		{D72FD41E-8627-437B-88CF-CDE4C34620E9}.Release|Any CPU.ActiveCfg = Release|Any CPU
		{D72FD41E-8627-437B-88CF-CDE4C34620E9}.Release|Any CPU.Build.0 = Release|Any CPU
		{946D4FA2-7E04-4E85-844D-D03582BCF148}.Debug|Any CPU.ActiveCfg = Debug|Any CPU
		{946D4FA2-7E04-4E85-844D-D03582BCF148}.Debug|Any CPU.Build.0 = Debug|Any CPU
		{946D4FA2-7E04-4E85-844D-D03582BCF148}.Release|Any CPU.ActiveCfg = Release|Any CPU
		{946D4FA2-7E04-4E85-844D-D03582BCF148}.Release|Any CPU.Build.0 = Release|Any CPU
		{3D435681-9F83-44A9-9D85-F242EFB51616}.Debug|Any CPU.ActiveCfg = Debug|Any CPU
		{3D435681-9F83-44A9-9D85-F242EFB51616}.Debug|Any CPU.Build.0 = Debug|Any CPU
		{3D435681-9F83-44A9-9D85-F242EFB51616}.Release|Any CPU.ActiveCfg = Release|Any CPU
		{3D435681-9F83-44A9-9D85-F242EFB51616}.Release|Any CPU.Build.0 = Release|Any CPU
	EndGlobalSection
	GlobalSection(SolutionProperties) = preSolution
		HideSolutionNode = FALSE
	EndGlobalSection
	GlobalSection(NestedProjects) = preSolution
		{5A414485-6FA6-432E-9337-09D69B1BACF4} = {BD73B603-2E7E-4570-87AC-52CA3B525776}
		{3E5A8A7B-6B19-4C3A-8992-7A589805E628} = {5A414485-6FA6-432E-9337-09D69B1BACF4}
		{18434A6F-E470-4ED8-9417-B6456C0869A3} = {5A414485-6FA6-432E-9337-09D69B1BACF4}
		{B59E1888-1234-489B-AC93-BAA3B60BEC7D} = {5A414485-6FA6-432E-9337-09D69B1BACF4}
		{6F1A18E9-48A4-4423-9FFE-1C11C79B3DE3} = {5A414485-6FA6-432E-9337-09D69B1BACF4}
		{68CA7DA8-9439-4F78-BBA0-89982379B1F7} = {BD73B603-2E7E-4570-87AC-52CA3B525776}
		{D72FD41E-8627-437B-88CF-CDE4C34620E9} = {68CA7DA8-9439-4F78-BBA0-89982379B1F7}
		{946D4FA2-7E04-4E85-844D-D03582BCF148} = {68CA7DA8-9439-4F78-BBA0-89982379B1F7}
		{3D435681-9F83-44A9-9D85-F242EFB51616} = {68CA7DA8-9439-4F78-BBA0-89982379B1F7}
	EndGlobalSection
	GlobalSection(ExtensibilityGlobals) = postSolution
		SolutionGuid = {D7C38F96-2C00-4A8A-8EED-D49D997153E3}
	EndGlobalSection
EndGlobal
